// !$*UTF8*$!
{
	archiveVersion = 1;
	classes = {
	};
	objectVersion = 56;
	objects = {

/* Begin PBXBuildFile section */
		35577E0728F855B700EFC9E6 /* Playbook in Frameworks */ = {isa = PBXBuildFile; productRef = 35577E0628F855B700EFC9E6 /* Playbook */; };
		35577E0928F855B700EFC9E6 /* PlaybookSnapshot in Frameworks */ = {isa = PBXBuildFile; productRef = 35577E0828F855B700EFC9E6 /* PlaybookSnapshot */; };
		35577E0B28F855B700EFC9E6 /* PlaybookUI in Frameworks */ = {isa = PBXBuildFile; productRef = 35577E0A28F855B700EFC9E6 /* PlaybookUI */; };
		3CDE25EE28F0535000827874 /* DSPlaybookApp.swift in Sources */ = {isa = PBXBuildFile; fileRef = 3CDE25ED28F0535000827874 /* DSPlaybookApp.swift */; };
		3CDE25F228F0535100827874 /* Assets.xcassets in Resources */ = {isa = PBXBuildFile; fileRef = 3CDE25F128F0535100827874 /* Assets.xcassets */; };
		3CDE25F528F0535100827874 /* Preview Assets.xcassets in Resources */ = {isa = PBXBuildFile; fileRef = 3CDE25F428F0535100827874 /* Preview Assets.xcassets */; };
		3CDE260428F0545200827874 /* PlaybookView.swift in Sources */ = {isa = PBXBuildFile; fileRef = 3CDE260328F0545200827874 /* PlaybookView.swift */; };
		3CDE260928F0562300827874 /* turtlerock.jpg in Resources */ = {isa = PBXBuildFile; fileRef = 3CDE260828F0562300827874 /* turtlerock.jpg */; };
		3CDE260C28F0566300827874 /* CirecleImage.swift in Sources */ = {isa = PBXBuildFile; fileRef = 3CDE260B28F0566300827874 /* CirecleImage.swift */; };
		3CDE260F28F0723300827874 /* PlaybookSupportable.swift in Sources */ = {isa = PBXBuildFile; fileRef = 3CDE260E28F0723300827874 /* PlaybookSupportable.swift */; };
		3CDE261128F0738700827874 /* DSScenario.swift in Sources */ = {isa = PBXBuildFile; fileRef = 3CDE261028F0738700827874 /* DSScenario.swift */; };
		3CDE261328F0795C00827874 /* View+BottomSheet.swift in Sources */ = {isa = PBXBuildFile; fileRef = 3CDE261228F0795C00827874 /* View+BottomSheet.swift */; };
/* End PBXBuildFile section */

/* Begin PBXFileReference section */
		3CDE25EA28F0535000827874 /* DSPlaybook.app */ = {isa = PBXFileReference; explicitFileType = wrapper.application; includeInIndex = 0; path = DSPlaybook.app; sourceTree = BUILT_PRODUCTS_DIR; };
		3CDE25ED28F0535000827874 /* DSPlaybookApp.swift */ = {isa = PBXFileReference; lastKnownFileType = sourcecode.swift; path = DSPlaybookApp.swift; sourceTree = "<group>"; };
		3CDE25F128F0535100827874 /* Assets.xcassets */ = {isa = PBXFileReference; lastKnownFileType = folder.assetcatalog; path = Assets.xcassets; sourceTree = "<group>"; };
		3CDE25F428F0535100827874 /* Preview Assets.xcassets */ = {isa = PBXFileReference; lastKnownFileType = folder.assetcatalog; path = "Preview Assets.xcassets"; sourceTree = "<group>"; };
		3CDE260328F0545200827874 /* PlaybookView.swift */ = {isa = PBXFileReference; lastKnownFileType = sourcecode.swift; path = PlaybookView.swift; sourceTree = "<group>"; };
		3CDE260828F0562300827874 /* turtlerock.jpg */ = {isa = PBXFileReference; lastKnownFileType = image.jpeg; path = turtlerock.jpg; sourceTree = "<group>"; };
		3CDE260B28F0566300827874 /* CirecleImage.swift */ = {isa = PBXFileReference; lastKnownFileType = sourcecode.swift; path = CirecleImage.swift; sourceTree = "<group>"; };
		3CDE260E28F0723300827874 /* PlaybookSupportable.swift */ = {isa = PBXFileReference; lastKnownFileType = sourcecode.swift; path = PlaybookSupportable.swift; sourceTree = "<group>"; };
		3CDE261028F0738700827874 /* DSScenario.swift */ = {isa = PBXFileReference; lastKnownFileType = sourcecode.swift; path = DSScenario.swift; sourceTree = "<group>"; };
		3CDE261228F0795C00827874 /* View+BottomSheet.swift */ = {isa = PBXFileReference; lastKnownFileType = sourcecode.swift; path = "View+BottomSheet.swift"; sourceTree = "<group>"; };
/* End PBXFileReference section */

/* Begin PBXFrameworksBuildPhase section */
		3CDE25E728F0535000827874 /* Frameworks */ = {
			isa = PBXFrameworksBuildPhase;
			buildActionMask = 2147483647;
			files = (
				35577E0728F855B700EFC9E6 /* Playbook in Frameworks */,
				35577E0928F855B700EFC9E6 /* PlaybookSnapshot in Frameworks */,
				35577E0B28F855B700EFC9E6 /* PlaybookUI in Frameworks */,
			);
			runOnlyForDeploymentPostprocessing = 0;
		};
/* End PBXFrameworksBuildPhase section */

/* Begin PBXGroup section */
		3CC0065028F432F100324BEE /* Frameworks */ = {
			isa = PBXGroup;
			children = (
			);
			name = Frameworks;
			sourceTree = "<group>";
		};
		3CDE25E128F0535000827874 = {
			isa = PBXGroup;
			children = (
				3CDE25EC28F0535000827874 /* DSPlaybook */,
				3CDE25EB28F0535000827874 /* Products */,
				3CC0065028F432F100324BEE /* Frameworks */,
			);
			sourceTree = "<group>";
		};
		3CDE25EB28F0535000827874 /* Products */ = {
			isa = PBXGroup;
			children = (
				3CDE25EA28F0535000827874 /* DSPlaybook.app */,
			);
			name = Products;
			sourceTree = "<group>";
		};
		3CDE25EC28F0535000827874 /* DSPlaybook */ = {
			isa = PBXGroup;
			children = (
				3CDE260628F054AB00827874 /* App */,
				3CDE260528F054A600827874 /* Resources */,
				3CDE25F328F0535100827874 /* Preview Content */,
			);
			path = DSPlaybook;
			sourceTree = "<group>";
		};
		3CDE25F328F0535100827874 /* Preview Content */ = {
			isa = PBXGroup;
			children = (
				3CDE25F428F0535100827874 /* Preview Assets.xcassets */,
			);
			path = "Preview Content";
			sourceTree = "<group>";
		};
		3CDE260528F054A600827874 /* Resources */ = {
			isa = PBXGroup;
			children = (
				3CDE260828F0562300827874 /* turtlerock.jpg */,
				3CDE25F128F0535100827874 /* Assets.xcassets */,
			);
			path = Resources;
			sourceTree = "<group>";
		};
		3CDE260628F054AB00827874 /* App */ = {
			isa = PBXGroup;
			children = (
				3CDE260A28F0565D00827874 /* Components */,
				3CDE260728F054B900827874 /* Scenarios */,
				3CDE25ED28F0535000827874 /* DSPlaybookApp.swift */,
			);
			path = App;
			sourceTree = "<group>";
		};
		3CDE260728F054B900827874 /* Scenarios */ = {
			isa = PBXGroup;
			children = (
				3CDE260328F0545200827874 /* PlaybookView.swift */,
				3CDE261028F0738700827874 /* DSScenario.swift */,
				3CDE261228F0795C00827874 /* View+BottomSheet.swift */,
			);
			path = Scenarios;
			sourceTree = "<group>";
		};
		3CDE260A28F0565D00827874 /* Components */ = {
			isa = PBXGroup;
			children = (
				3CDE260B28F0566300827874 /* CirecleImage.swift */,
				3CDE260E28F0723300827874 /* PlaybookSupportable.swift */,
			);
			path = Components;
			sourceTree = "<group>";
		};
/* End PBXGroup section */

/* Begin PBXNativeTarget section */
		3CDE25E928F0535000827874 /* DSPlaybook */ = {
			isa = PBXNativeTarget;
			buildConfigurationList = 3CDE25F828F0535100827874 /* Build configuration list for PBXNativeTarget "DSPlaybook" */;
			buildPhases = (
				3CDE25E628F0535000827874 /* Sources */,
				3CDE25E728F0535000827874 /* Frameworks */,
				3CDE25E828F0535000827874 /* Resources */,
			);
			buildRules = (
			);
			dependencies = (
			);
			name = DSPlaybook;
			packageProductDependencies = (
				35577E0628F855B700EFC9E6 /* Playbook */,
				35577E0828F855B700EFC9E6 /* PlaybookSnapshot */,
				35577E0A28F855B700EFC9E6 /* PlaybookUI */,
			);
			productName = DSPlaybook;
			productReference = 3CDE25EA28F0535000827874 /* DSPlaybook.app */;
			productType = "com.apple.product-type.application";
		};
/* End PBXNativeTarget section */

/* Begin PBXProject section */
		3CDE25E228F0535000827874 /* Project object */ = {
			isa = PBXProject;
			attributes = {
				BuildIndependentTargetsInParallel = 1;
				LastSwiftUpdateCheck = 1400;
				LastUpgradeCheck = 1400;
				TargetAttributes = {
					3CDE25E928F0535000827874 = {
						CreatedOnToolsVersion = 14.0;
					};
				};
			};
			buildConfigurationList = 3CDE25E528F0535000827874 /* Build configuration list for PBXProject "DSPlaybook" */;
			compatibilityVersion = "Xcode 14.0";
			developmentRegion = en;
			hasScannedForEncodings = 0;
			knownRegions = (
				en,
				Base,
			);
			mainGroup = 3CDE25E128F0535000827874;
			packageReferences = (
				35577E0528F855B700EFC9E6 /* XCRemoteSwiftPackageReference "playbook-ios" */,
			);
			productRefGroup = 3CDE25EB28F0535000827874 /* Products */;
			projectDirPath = "";
			projectRoot = "";
			targets = (
				3CDE25E928F0535000827874 /* DSPlaybook */,
			);
		};
/* End PBXProject section */

/* Begin PBXResourcesBuildPhase section */
		3CDE25E828F0535000827874 /* Resources */ = {
			isa = PBXResourcesBuildPhase;
			buildActionMask = 2147483647;
			files = (
				3CDE25F528F0535100827874 /* Preview Assets.xcassets in Resources */,
				3CDE25F228F0535100827874 /* Assets.xcassets in Resources */,
				3CDE260928F0562300827874 /* turtlerock.jpg in Resources */,
			);
			runOnlyForDeploymentPostprocessing = 0;
		};
/* End PBXResourcesBuildPhase section */

/* Begin PBXSourcesBuildPhase section */
		3CDE25E628F0535000827874 /* Sources */ = {
			isa = PBXSourcesBuildPhase;
			buildActionMask = 2147483647;
			files = (
				3CDE260C28F0566300827874 /* CirecleImage.swift in Sources */,
				3CDE25EE28F0535000827874 /* DSPlaybookApp.swift in Sources */,
				3CDE261128F0738700827874 /* DSScenario.swift in Sources */,
				3CDE260F28F0723300827874 /* PlaybookSupportable.swift in Sources */,
				3CDE260428F0545200827874 /* PlaybookView.swift in Sources */,
				3CDE261328F0795C00827874 /* View+BottomSheet.swift in Sources */,
			);
			runOnlyForDeploymentPostprocessing = 0;
		};
/* End PBXSourcesBuildPhase section */

/* Begin XCBuildConfiguration section */
		3CDE25F628F0535100827874 /* Debug */ = {
			isa = XCBuildConfiguration;
			buildSettings = {
				ALWAYS_SEARCH_USER_PATHS = NO;
				CLANG_ANALYZER_NONNULL = YES;
				CLANG_ANALYZER_NUMBER_OBJECT_CONVERSION = YES_AGGRESSIVE;
				CLANG_CXX_LANGUAGE_STANDARD = "gnu++20";
				CLANG_ENABLE_MODULES = YES;
				CLANG_ENABLE_OBJC_ARC = YES;
				CLANG_ENABLE_OBJC_WEAK = YES;
				CLANG_WARN_BLOCK_CAPTURE_AUTORELEASING = YES;
				CLANG_WARN_BOOL_CONVERSION = YES;
				CLANG_WARN_COMMA = YES;
				CLANG_WARN_CONSTANT_CONVERSION = YES;
				CLANG_WARN_DEPRECATED_OBJC_IMPLEMENTATIONS = YES;
				CLANG_WARN_DIRECT_OBJC_ISA_USAGE = YES_ERROR;
				CLANG_WARN_DOCUMENTATION_COMMENTS = YES;
				CLANG_WARN_EMPTY_BODY = YES;
				CLANG_WARN_ENUM_CONVERSION = YES;
				CLANG_WARN_INFINITE_RECURSION = YES;
				CLANG_WARN_INT_CONVERSION = YES;
				CLANG_WARN_NON_LITERAL_NULL_CONVERSION = YES;
				CLANG_WARN_OBJC_IMPLICIT_RETAIN_SELF = YES;
				CLANG_WARN_OBJC_LITERAL_CONVERSION = YES;
				CLANG_WARN_OBJC_ROOT_CLASS = YES_ERROR;
				CLANG_WARN_QUOTED_INCLUDE_IN_FRAMEWORK_HEADER = YES;
				CLANG_WARN_RANGE_LOOP_ANALYSIS = YES;
				CLANG_WARN_STRICT_PROTOTYPES = YES;
				CLANG_WARN_SUSPICIOUS_MOVE = YES;
				CLANG_WARN_UNGUARDED_AVAILABILITY = YES_AGGRESSIVE;
				CLANG_WARN_UNREACHABLE_CODE = YES;
				CLANG_WARN__DUPLICATE_METHOD_MATCH = YES;
				COPY_PHASE_STRIP = NO;
				DEBUG_INFORMATION_FORMAT = dwarf;
				ENABLE_STRICT_OBJC_MSGSEND = YES;
				ENABLE_TESTABILITY = YES;
				GCC_C_LANGUAGE_STANDARD = gnu11;
				GCC_DYNAMIC_NO_PIC = NO;
				GCC_NO_COMMON_BLOCKS = YES;
				GCC_OPTIMIZATION_LEVEL = 0;
				GCC_PREPROCESSOR_DEFINITIONS = (
					"DEBUG=1",
					"$(inherited)",
				);
				GCC_WARN_64_TO_32_BIT_CONVERSION = YES;
				GCC_WARN_ABOUT_RETURN_TYPE = YES_ERROR;
				GCC_WARN_UNDECLARED_SELECTOR = YES;
				GCC_WARN_UNINITIALIZED_AUTOS = YES_AGGRESSIVE;
				GCC_WARN_UNUSED_FUNCTION = YES;
				GCC_WARN_UNUSED_VARIABLE = YES;
				IPHONEOS_DEPLOYMENT_TARGET = 16.0;
				MTL_ENABLE_DEBUG_INFO = INCLUDE_SOURCE;
				MTL_FAST_MATH = YES;
				ONLY_ACTIVE_ARCH = YES;
				SDKROOT = iphoneos;
				SWIFT_ACTIVE_COMPILATION_CONDITIONS = DEBUG;
				SWIFT_OPTIMIZATION_LEVEL = "-Onone";
			};
			name = Debug;
		};
		3CDE25F728F0535100827874 /* Release */ = {
			isa = XCBuildConfiguration;
			buildSettings = {
				ALWAYS_SEARCH_USER_PATHS = NO;
				CLANG_ANALYZER_NONNULL = YES;
				CLANG_ANALYZER_NUMBER_OBJECT_CONVERSION = YES_AGGRESSIVE;
				CLANG_CXX_LANGUAGE_STANDARD = "gnu++20";
				CLANG_ENABLE_MODULES = YES;
				CLANG_ENABLE_OBJC_ARC = YES;
				CLANG_ENABLE_OBJC_WEAK = YES;
				CLANG_WARN_BLOCK_CAPTURE_AUTORELEASING = YES;
				CLANG_WARN_BOOL_CONVERSION = YES;
				CLANG_WARN_COMMA = YES;
				CLANG_WARN_CONSTANT_CONVERSION = YES;
				CLANG_WARN_DEPRECATED_OBJC_IMPLEMENTATIONS = YES;
				CLANG_WARN_DIRECT_OBJC_ISA_USAGE = YES_ERROR;
				CLANG_WARN_DOCUMENTATION_COMMENTS = YES;
				CLANG_WARN_EMPTY_BODY = YES;
				CLANG_WARN_ENUM_CONVERSION = YES;
				CLANG_WARN_INFINITE_RECURSION = YES;
				CLANG_WARN_INT_CONVERSION = YES;
				CLANG_WARN_NON_LITERAL_NULL_CONVERSION = YES;
				CLANG_WARN_OBJC_IMPLICIT_RETAIN_SELF = YES;
				CLANG_WARN_OBJC_LITERAL_CONVERSION = YES;
				CLANG_WARN_OBJC_ROOT_CLASS = YES_ERROR;
				CLANG_WARN_QUOTED_INCLUDE_IN_FRAMEWORK_HEADER = YES;
				CLANG_WARN_RANGE_LOOP_ANALYSIS = YES;
				CLANG_WARN_STRICT_PROTOTYPES = YES;
				CLANG_WARN_SUSPICIOUS_MOVE = YES;
				CLANG_WARN_UNGUARDED_AVAILABILITY = YES_AGGRESSIVE;
				CLANG_WARN_UNREACHABLE_CODE = YES;
				CLANG_WARN__DUPLICATE_METHOD_MATCH = YES;
				COPY_PHASE_STRIP = NO;
				DEBUG_INFORMATION_FORMAT = "dwarf-with-dsym";
				ENABLE_NS_ASSERTIONS = NO;
				ENABLE_STRICT_OBJC_MSGSEND = YES;
				GCC_C_LANGUAGE_STANDARD = gnu11;
				GCC_NO_COMMON_BLOCKS = YES;
				GCC_WARN_64_TO_32_BIT_CONVERSION = YES;
				GCC_WARN_ABOUT_RETURN_TYPE = YES_ERROR;
				GCC_WARN_UNDECLARED_SELECTOR = YES;
				GCC_WARN_UNINITIALIZED_AUTOS = YES_AGGRESSIVE;
				GCC_WARN_UNUSED_FUNCTION = YES;
				GCC_WARN_UNUSED_VARIABLE = YES;
				IPHONEOS_DEPLOYMENT_TARGET = 16.0;
				MTL_ENABLE_DEBUG_INFO = NO;
				MTL_FAST_MATH = YES;
				SDKROOT = iphoneos;
				SWIFT_COMPILATION_MODE = wholemodule;
				SWIFT_OPTIMIZATION_LEVEL = "-O";
				VALIDATE_PRODUCT = YES;
			};
			name = Release;
		};
		3CDE25F928F0535100827874 /* Debug */ = {
			isa = XCBuildConfiguration;
			buildSettings = {
				ASSETCATALOG_COMPILER_APPICON_NAME = AppIcon;
				ASSETCATALOG_COMPILER_GLOBAL_ACCENT_COLOR_NAME = AccentColor;
				CODE_SIGN_STYLE = Automatic;
				CURRENT_PROJECT_VERSION = 1;
				DEVELOPMENT_ASSET_PATHS = "\"DSPlaybook/Preview Content\"";
				ENABLE_PREVIEWS = YES;
				GENERATE_INFOPLIST_FILE = YES;
				INFOPLIST_KEY_UIApplicationSceneManifest_Generation = YES;
				INFOPLIST_KEY_UIApplicationSupportsIndirectInputEvents = YES;
				INFOPLIST_KEY_UILaunchScreen_Generation = YES;
				INFOPLIST_KEY_UISupportedInterfaceOrientations_iPad = "UIInterfaceOrientationPortrait UIInterfaceOrientationPortraitUpsideDown UIInterfaceOrientationLandscapeLeft UIInterfaceOrientationLandscapeRight";
				INFOPLIST_KEY_UISupportedInterfaceOrientations_iPhone = "UIInterfaceOrientationPortrait UIInterfaceOrientationLandscapeLeft UIInterfaceOrientationLandscapeRight";
				LD_RUNPATH_SEARCH_PATHS = (
					"$(inherited)",
					"@executable_path/Frameworks",
				);
				MARKETING_VERSION = 1.0;
				PRODUCT_BUNDLE_IDENTIFIER = js.DSPlaybook;
				PRODUCT_NAME = "$(TARGET_NAME)";
				SWIFT_EMIT_LOC_STRINGS = YES;
				SWIFT_VERSION = 5.0;
				TARGETED_DEVICE_FAMILY = "1,2";
			};
			name = Debug;
		};
		3CDE25FA28F0535100827874 /* Release */ = {
			isa = XCBuildConfiguration;
			buildSettings = {
				ASSETCATALOG_COMPILER_APPICON_NAME = AppIcon;
				ASSETCATALOG_COMPILER_GLOBAL_ACCENT_COLOR_NAME = AccentColor;
				CODE_SIGN_STYLE = Automatic;
				CURRENT_PROJECT_VERSION = 1;
				DEVELOPMENT_ASSET_PATHS = "\"DSPlaybook/Preview Content\"";
				ENABLE_PREVIEWS = YES;
				GENERATE_INFOPLIST_FILE = YES;
				INFOPLIST_KEY_UIApplicationSceneManifest_Generation = YES;
				INFOPLIST_KEY_UIApplicationSupportsIndirectInputEvents = YES;
				INFOPLIST_KEY_UILaunchScreen_Generation = YES;
				INFOPLIST_KEY_UISupportedInterfaceOrientations_iPad = "UIInterfaceOrientationPortrait UIInterfaceOrientationPortraitUpsideDown UIInterfaceOrientationLandscapeLeft UIInterfaceOrientationLandscapeRight";
				INFOPLIST_KEY_UISupportedInterfaceOrientations_iPhone = "UIInterfaceOrientationPortrait UIInterfaceOrientationLandscapeLeft UIInterfaceOrientationLandscapeRight";
				LD_RUNPATH_SEARCH_PATHS = (
					"$(inherited)",
					"@executable_path/Frameworks",
				);
				MARKETING_VERSION = 1.0;
				PRODUCT_BUNDLE_IDENTIFIER = js.DSPlaybook;
				PRODUCT_NAME = "$(TARGET_NAME)";
				SWIFT_EMIT_LOC_STRINGS = YES;
				SWIFT_VERSION = 5.0;
				TARGETED_DEVICE_FAMILY = "1,2";
			};
			name = Release;
		};
/* End XCBuildConfiguration section */

/* Begin XCConfigurationList section */
		3CDE25E528F0535000827874 /* Build configuration list for PBXProject "DSPlaybook" */ = {
			isa = XCConfigurationList;
			buildConfigurations = (
				3CDE25F628F0535100827874 /* Debug */,
				3CDE25F728F0535100827874 /* Release */,
			);
			defaultConfigurationIsVisible = 0;
			defaultConfigurationName = Release;
		};
		3CDE25F828F0535100827874 /* Build configuration list for PBXNativeTarget "DSPlaybook" */ = {
			isa = XCConfigurationList;
			buildConfigurations = (
				3CDE25F928F0535100827874 /* Debug */,
				3CDE25FA28F0535100827874 /* Release */,
			);
			defaultConfigurationIsVisible = 0;
			defaultConfigurationName = Release;
		};
/* End XCConfigurationList section */

/* Begin XCRemoteSwiftPackageReference section */
		35577E0528F855B700EFC9E6 /* XCRemoteSwiftPackageReference "playbook-ios" */ = {
			isa = XCRemoteSwiftPackageReference;
			repositoryURL = "https://github.com/playbook-ui/playbook-ios";
			requirement = {
				kind = upToNextMajorVersion;
				minimumVersion = 0.3.2;
			};
		};
/* End XCRemoteSwiftPackageReference section */

/* Begin XCSwiftPackageProductDependency section */
		35577E0628F855B700EFC9E6 /* Playbook */ = {
			isa = XCSwiftPackageProductDependency;
			package = 35577E0528F855B700EFC9E6 /* XCRemoteSwiftPackageReference "playbook-ios" */;
			productName = Playbook;
		};
		35577E0828F855B700EFC9E6 /* PlaybookSnapshot */ = {
			isa = XCSwiftPackageProductDependency;
			package = 35577E0528F855B700EFC9E6 /* XCRemoteSwiftPackageReference "playbook-ios" */;
			productName = PlaybookSnapshot;
		};
		35577E0A28F855B700EFC9E6 /* PlaybookUI */ = {
			isa = XCSwiftPackageProductDependency;
			package = 35577E0528F855B700EFC9E6 /* XCRemoteSwiftPackageReference "playbook-ios" */;
			productName = PlaybookUI;
		};
/* End XCSwiftPackageProductDependency section */
	};
	rootObject = 3CDE25E228F0535000827874 /* Project object */;
}
